
Microsoft Visual Studio Solution File, Format Version 10.00
# Visual Studio 2008
Project("{FAE04EC0-301F-11D3-BF4B-00C04F79EFBC}") = "QuanLyBanHang", "QuanLyBanHang\QuanLyBanHang.csproj", "{57C823E6-3A10-4D24-953F-0C6C3CFB0395}"
EndProject
Global
	GlobalSection(SolutionConfigurationPlatforms) = preSolution
		Debug|Any CPU = Debug|Any CPU
		Release|Any CPU = Release|Any CPU
	EndGlobalSection
	GlobalSection(ProjectConfigurationPlatforms) = postSolution
		{57C823E6-3A10-4D24-953F-0C6C3CFB0395}.Debug|Any CPU.ActiveCfg = Debug|Any CPU
		{57C823E6-3A10-4D24-953F-0C6C3CFB0395}.Debug|Any CPU.Build.0 = Debug|Any CPU
		{57C823E6-3A10-4D24-953F-0C6C3CFB0395}.Release|Any CPU.ActiveCfg = Release|Any CPU
		{57C823E6-3A10-4D24-953F-0C6C3CFB0395}.Release|Any CPU.Build.0 = Release|Any CPU
	EndGlobalSection
	GlobalSection(SolutionProperties) = preSolution
		HideSolutionNode = FALSE
	EndGlobalSection
EndGlobal
